{
  "name": "Auto",
  "lockfileVersion": 3,
  "requires": true,
  "packages": {
    "": {
      "dependencies": {
        "luxon": "^3.6.1"
      },
      "devDependencies": {
        "@types/luxon": "^3.6.0"
      }
    },
    "node_modules/@types/luxon": {
      "version": "3.6.0",
      "resolved": "https://registry.npmjs.org/@types/luxon/-/luxon-3.6.0.tgz",
      "integrity": "sha512-RtEj20xRyG7cRp142MkQpV3GRF8Wo2MtDkKLz65MQs7rM1Lh8bz+HtfPXCCJEYpnDFu6VwAq/Iv2Ikyp9Jw/hw==",
      "dev": true,
      "license": "MIT"
    },
    "node_modules/luxon": {
      "version": "3.6.1",
      "resolved": "https://registry.npmjs.org/luxon/-/luxon-3.6.1.tgz",
      "integrity": "sha512-tJLxrKJhO2ukZ5z0gyjY1zPh3Rh88Ej9P7jNrZiHMUXHae1yvI2imgOZtL1TO8TW6biMMKfTtAOoEJANgtWBMQ==",
      "license": "MIT",
      "engines": {
        "node": ">=12"
      }
    }
  }
}
